
Microsoft Visual Studio Solution File, Format Version 12.00
# Visual Studio Version 16
VisualStudioVersion = 16.0.30621.155
MinimumVisualStudioVersion = 10.0.40219.1
Project("{FAE04EC0-301F-11D3-BF4B-00C04F79EFBC}") = "CsharpQuizAPI", "CsharpQuizAPI\CsharpQuizAPI.csproj", "{74DB51EE-BC93-4941-9669-9A0931A588DF}"
EndProject
Global
	GlobalSection(SolutionConfigurationPlatforms) = preSolution
		Debug|Any CPU = Debug|Any CPU
		Release|Any CPU = Release|Any CPU
	EndGlobalSection
	GlobalSection(ProjectConfigurationPlatforms) = postSolution
		{74DB51EE-BC93-4941-9669-9A0931A588DF}.Debug|Any CPU.ActiveCfg = Debug|Any CPU
		{74DB51EE-BC93-4941-9669-9A0931A588DF}.Debug|Any CPU.Build.0 = Debug|Any CPU
		{74DB51EE-BC93-4941-9669-9A0931A588DF}.Release|Any CPU.ActiveCfg = Release|Any CPU
		{74DB51EE-BC93-4941-9669-9A0931A588DF}.Release|Any CPU.Build.0 = Release|Any CPU
	EndGlobalSection
	GlobalSection(SolutionProperties) = preSolution
		HideSolutionNode = FALSE
	EndGlobalSection
	GlobalSection(ExtensibilityGlobals) = postSolution
		SolutionGuid = {FFB5D576-F14A-4ADA-91B6-8CD97A7D2B9E}
	EndGlobalSection
EndGlobal
